<?xml version="1.0" encoding="UTF-8" standalone="yes" ?>
<CodeBlocks_project_file>
	<FileVersion major="1" minor="6" />
	<Project>
		<Option title="trabalho-2o-grafos" />
		<Option pch_mode="2" />
		<Option compiler="gcc" />
		<Build>
			<Target title="Debug">
				<Option output="bin/Debug/trabalho-2o-grafos" prefix_auto="1" extension_auto="1" />
				<Option object_output="obj/Debug/" />
				<Option type="1" />
				<Option compiler="gcc" />
				<Compiler>
					<Add option="-g" />
				</Compiler>
			</Target>
			<Target title="Release">
				<Option output="bin/Release/trabalho-2o-grafos" prefix_auto="1" extension_auto="1" />
				<Option object_output="obj/Release/" />
				<Option type="1" />
				<Option compiler="gcc" />
				<Compiler>
					<Add option="-O2" />
				</Compiler>
				<Linker>
					<Add option="-s" />
				</Linker>
			</Target>
		</Build>
		<Compiler>
			<Add option="-Wall" />
		</Compiler>
		<Unit filename="buscaBinaria.c">
			<Option compilerVar="CC" />
		</Unit>
		<Unit filename="buscaEmLargura.c">
			<Option compilerVar="CC" />
		</Unit>
		<Unit filename="buscaEmProfundidade.c">
			<Option compilerVar="CC" />
		</Unit>
		<Unit filename="distanciaMSTBuscaEmLargura.c">
			<Option compilerVar="CC" />
		</Unit>
		<Unit filename="distanciaMSTDijkstra.c">
			<Option compilerVar="CC" />
		</Unit>
		<Unit filename="distanciaTodosBuscaEmLargura.c">
			<Option compilerVar="CC" />
		</Unit>
		<Unit filename="distanciaTodosDijkstra.c">
			<Option compilerVar="CC" />
		</Unit>
		<Unit filename="escolherComSemPeso.c">
			<Option compilerVar="CC" />
		</Unit>
		<Unit filename="escolherGrafoBusca.c">
			<Option compilerVar="CC" />
		</Unit>
		<Unit filename="escolherGrafoComponenteConexo.c">
			<Option compilerVar="CC" />
		</Unit>
		<Unit filename="escolherGrafoDistancia.c">
			<Option compilerVar="CC" />
		</Unit>
		<Unit filename="escolherGrafoRepresentacao.c">
			<Option compilerVar="CC" />
		</Unit>
		<Unit filename="escolherModoBusca.c">
			<Option compilerVar="CC" />
		</Unit>
		<Unit filename="escolherModoRepresentacao.c">
			<Option compilerVar="CC" />
		</Unit>
		<Unit filename="escolherParesTodosMST.c">
			<Option compilerVar="CC" />
		</Unit>
		<Unit filename="grafoComponenteConexo.c">
			<Option compilerVar="CC" />
		</Unit>
		<Unit filename="lerGrafo.c">
			<Option compilerVar="CC" />
		</Unit>
		<Unit filename="lerGrafoComPeso.c">
			<Option compilerVar="CC" />
		</Unit>
		<Unit filename="lerGrafoSemPeso.c">
			<Option compilerVar="CC" />
		</Unit>
		<Unit filename="library.h" />
		<Unit filename="listaAdjacenciaComPeso.c">
			<Option compilerVar="CC" />
		</Unit>
		<Unit filename="listaAdjacenciaSemPeso.c">
			<Option compilerVar="CC" />
		</Unit>
		<Unit filename="main.c">
			<Option compilerVar="CC" />
		</Unit>
		<Unit filename="matrizAdjacenciaComPeso.c">
			<Option compilerVar="CC" />
		</Unit>
		<Unit filename="matrizAdjacenciaSemPeso.c">
			<Option compilerVar="CC" />
		</Unit>
		<Unit filename="menu.c">
			<Option compilerVar="CC" />
		</Unit>
		<Unit filename="saida.c">
			<Option compilerVar="CC" />
		</Unit>
		<Extensions>
			<lib_finder disable_auto="1" />
		</Extensions>
	</Project>
</CodeBlocks_project_file>
